
Microsoft Visual Studio Solution File, Format Version 12.00
# Visual Studio Version 16
VisualStudioVersion = 25.0.1706.11
MinimumVisualStudioVersion = 10.0.40219.1
Project("{FAE04EC0-301F-11D3-BF4B-00C04F79EFBC}") = "firello", "firello\firello.csproj", "{A71D56E8-5EAB-4181-AA74-44C57D741003}"
EndProject
Global
	GlobalSection(SolutionConfigurationPlatforms) = preSolution
		Debug|Any CPU = Debug|Any CPU
		Release|Any CPU = Release|Any CPU
	EndGlobalSection
	GlobalSection(ProjectConfigurationPlatforms) = postSolution
		{A71D56E8-5EAB-4181-AA74-44C57D741003}.Debug|Any CPU.ActiveCfg = Debug|Any CPU
		{A71D56E8-5EAB-4181-AA74-44C57D741003}.Debug|Any CPU.Build.0 = Debug|Any CPU
		{A71D56E8-5EAB-4181-AA74-44C57D741003}.Release|Any CPU.ActiveCfg = Release|Any CPU
		{A71D56E8-5EAB-4181-AA74-44C57D741003}.Release|Any CPU.Build.0 = Release|Any CPU
	EndGlobalSection
	GlobalSection(SolutionProperties) = preSolution
		HideSolutionNode = FALSE
	EndGlobalSection
	GlobalSection(ExtensibilityGlobals) = postSolution
		SolutionGuid = {7830F1D4-2A4A-4B66-8DCA-DDA7E874F132}
	EndGlobalSection
EndGlobal
